
Microsoft Visual Studio Solution File, Format Version 12.00
# Visual Studio 15
VisualStudioVersion = 15.0.27703.2026
MinimumVisualStudioVersion = 10.0.40219.1
Project("{FAE04EC0-301F-11D3-BF4B-00C04F79EFBC}") = "MarsRover", "MarsRover\MarsRover.csproj", "{73148985-3416-4A7E-8060-C3B9B3A5E3A1}"
EndProject
Project("{FAE04EC0-301F-11D3-BF4B-00C04F79EFBC}") = "MarsRover.Core", "MarsRover.Core\MarsRover.Core.csproj", "{1396EACC-7E13-477C-B336-74AAE5A7D0C6}"
EndProject
Project("{FAE04EC0-301F-11D3-BF4B-00C04F79EFBC}") = "MarsRover.Tests", "MarsRover.Tests\MarsRover.Tests.csproj", "{B651D9C8-C61B-4C9D-84BA-F9BFC61AA922}"
EndProject
Global
	GlobalSection(SolutionConfigurationPlatforms) = preSolution
		Debug|Any CPU = Debug|Any CPU
		Release|Any CPU = Release|Any CPU
	EndGlobalSection
	GlobalSection(ProjectConfigurationPlatforms) = postSolution
		{73148985-3416-4A7E-8060-C3B9B3A5E3A1}.Debug|Any CPU.ActiveCfg = Debug|Any CPU
		{73148985-3416-4A7E-8060-C3B9B3A5E3A1}.Debug|Any CPU.Build.0 = Debug|Any CPU
		{73148985-3416-4A7E-8060-C3B9B3A5E3A1}.Release|Any CPU.ActiveCfg = Release|Any CPU
		{73148985-3416-4A7E-8060-C3B9B3A5E3A1}.Release|Any CPU.Build.0 = Release|Any CPU
		{1396EACC-7E13-477C-B336-74AAE5A7D0C6}.Debug|Any CPU.ActiveCfg = Debug|Any CPU
		{1396EACC-7E13-477C-B336-74AAE5A7D0C6}.Debug|Any CPU.Build.0 = Debug|Any CPU
		{1396EACC-7E13-477C-B336-74AAE5A7D0C6}.Release|Any CPU.ActiveCfg = Release|Any CPU
		{1396EACC-7E13-477C-B336-74AAE5A7D0C6}.Release|Any CPU.Build.0 = Release|Any CPU
		{B651D9C8-C61B-4C9D-84BA-F9BFC61AA922}.Debug|Any CPU.ActiveCfg = Debug|Any CPU
		{B651D9C8-C61B-4C9D-84BA-F9BFC61AA922}.Debug|Any CPU.Build.0 = Debug|Any CPU
		{B651D9C8-C61B-4C9D-84BA-F9BFC61AA922}.Release|Any CPU.ActiveCfg = Release|Any CPU
		{B651D9C8-C61B-4C9D-84BA-F9BFC61AA922}.Release|Any CPU.Build.0 = Release|Any CPU
	EndGlobalSection
	GlobalSection(SolutionProperties) = preSolution
		HideSolutionNode = FALSE
	EndGlobalSection
	GlobalSection(ExtensibilityGlobals) = postSolution
		SolutionGuid = {B3EC1597-6FD8-4F81-A781-6FD5A20098F1}
	EndGlobalSection
EndGlobal
